
Microsoft Visual Studio Solution File, Format Version 12.00
# Visual Studio Version 17
VisualStudioVersion = 17.8.34525.116
MinimumVisualStudioVersion = 10.0.40219.1
Project("{9A19103F-16F7-4668-BE54-9A1E7A4F7556}") = "RayTracer", "RayTracer\RayTracer.csproj", "{EB20F9EA-3401-4642-9108-756329217551}"
EndProject
Project("{9A19103F-16F7-4668-BE54-9A1E7A4F7556}") = "RayTracer.Console", "RayTracer.Console\RayTracer.Console.csproj", "{EB0CD7BC-D983-4527-96AF-DE42C3FDCEBC}"
EndProject
Global
	GlobalSection(SolutionConfigurationPlatforms) = preSolution
		Debug|Any CPU = Debug|Any CPU
		Release|Any CPU = Release|Any CPU
	EndGlobalSection
	GlobalSection(ProjectConfigurationPlatforms) = postSolution
		{EB20F9EA-3401-4642-9108-756329217551}.Debug|Any CPU.ActiveCfg = Debug|Any CPU
		{EB20F9EA-3401-4642-9108-756329217551}.Debug|Any CPU.Build.0 = Debug|Any CPU
		{EB20F9EA-3401-4642-9108-756329217551}.Release|Any CPU.ActiveCfg = Release|Any CPU
		{EB20F9EA-3401-4642-9108-756329217551}.Release|Any CPU.Build.0 = Release|Any CPU
		{EB0CD7BC-D983-4527-96AF-DE42C3FDCEBC}.Debug|Any CPU.ActiveCfg = Debug|Any CPU
		{EB0CD7BC-D983-4527-96AF-DE42C3FDCEBC}.Debug|Any CPU.Build.0 = Debug|Any CPU
		{EB0CD7BC-D983-4527-96AF-DE42C3FDCEBC}.Release|Any CPU.ActiveCfg = Release|Any CPU
		{EB0CD7BC-D983-4527-96AF-DE42C3FDCEBC}.Release|Any CPU.Build.0 = Release|Any CPU
	EndGlobalSection
	GlobalSection(SolutionProperties) = preSolution
		HideSolutionNode = FALSE
	EndGlobalSection
	GlobalSection(ExtensibilityGlobals) = postSolution
		SolutionGuid = {5D4036C4-84B6-409B-BB3B-A82D272074EA}
	EndGlobalSection
EndGlobal
